
Microsoft Visual Studio Solution File, Format Version 12.00
# Visual Studio Version 16
VisualStudioVersion = 16.0.31729.503
MinimumVisualStudioVersion = 10.0.40219.1
Project("{FAE04EC0-301F-11D3-BF4B-00C04F79EFBC}") = "KomodoCafe", "KomodoCafe\KomodoCafe.csproj", "{6CA76104-3381-47F7-A9F2-2CC102277EEC}"
EndProject
Project("{FAE04EC0-301F-11D3-BF4B-00C04F79EFBC}") = "KomodoCafeRepository_Tests", "KomodoCafeRepository_Tests\KomodoCafeRepository_Tests.csproj", "{1FA517BD-F7FE-41AD-9140-8CECD1EB8C1C}"
EndProject
Project("{FAE04EC0-301F-11D3-BF4B-00C04F79EFBC}") = "KomodoClaims", "KomodoClaims\KomodoClaims.csproj", "{369C53A3-88EB-4D1F-8BC2-A2700F0E28FA}"
EndProject
Project("{FAE04EC0-301F-11D3-BF4B-00C04F79EFBC}") = "KomodoClaimsRepository_Tests", "KomodoClaimsRepository_Tests\KomodoClaimsRepository_Tests.csproj", "{54ABD67A-6A16-4FFF-B296-D7CA5A3DE13E}"
EndProject
Project("{2150E333-8FDC-42A3-9474-1A3956D46DE8}") = "Komodo Cafe App", "Komodo Cafe App", "{103BC0F6-48AA-4DE3-80E5-998E82F5DF61}"
EndProject
Project("{2150E333-8FDC-42A3-9474-1A3956D46DE8}") = "Komodo Claims App", "Komodo Claims App", "{A0CF2C0F-81FE-48B0-B877-DE5659882C89}"
EndProject
Global
	GlobalSection(SolutionConfigurationPlatforms) = preSolution
		Debug|Any CPU = Debug|Any CPU
		Release|Any CPU = Release|Any CPU
	EndGlobalSection
	GlobalSection(ProjectConfigurationPlatforms) = postSolution
		{6CA76104-3381-47F7-A9F2-2CC102277EEC}.Debug|Any CPU.ActiveCfg = Debug|Any CPU
		{6CA76104-3381-47F7-A9F2-2CC102277EEC}.Debug|Any CPU.Build.0 = Debug|Any CPU
		{6CA76104-3381-47F7-A9F2-2CC102277EEC}.Release|Any CPU.ActiveCfg = Release|Any CPU
		{6CA76104-3381-47F7-A9F2-2CC102277EEC}.Release|Any CPU.Build.0 = Release|Any CPU
		{1FA517BD-F7FE-41AD-9140-8CECD1EB8C1C}.Debug|Any CPU.ActiveCfg = Debug|Any CPU
		{1FA517BD-F7FE-41AD-9140-8CECD1EB8C1C}.Debug|Any CPU.Build.0 = Debug|Any CPU
		{1FA517BD-F7FE-41AD-9140-8CECD1EB8C1C}.Release|Any CPU.ActiveCfg = Release|Any CPU
		{1FA517BD-F7FE-41AD-9140-8CECD1EB8C1C}.Release|Any CPU.Build.0 = Release|Any CPU
		{369C53A3-88EB-4D1F-8BC2-A2700F0E28FA}.Debug|Any CPU.ActiveCfg = Debug|Any CPU
		{369C53A3-88EB-4D1F-8BC2-A2700F0E28FA}.Debug|Any CPU.Build.0 = Debug|Any CPU
		{369C53A3-88EB-4D1F-8BC2-A2700F0E28FA}.Release|Any CPU.ActiveCfg = Release|Any CPU
		{369C53A3-88EB-4D1F-8BC2-A2700F0E28FA}.Release|Any CPU.Build.0 = Release|Any CPU
		{54ABD67A-6A16-4FFF-B296-D7CA5A3DE13E}.Debug|Any CPU.ActiveCfg = Debug|Any CPU
		{54ABD67A-6A16-4FFF-B296-D7CA5A3DE13E}.Debug|Any CPU.Build.0 = Debug|Any CPU
		{54ABD67A-6A16-4FFF-B296-D7CA5A3DE13E}.Release|Any CPU.ActiveCfg = Release|Any CPU
		{54ABD67A-6A16-4FFF-B296-D7CA5A3DE13E}.Release|Any CPU.Build.0 = Release|Any CPU
	EndGlobalSection
	GlobalSection(SolutionProperties) = preSolution
		HideSolutionNode = FALSE
	EndGlobalSection
	GlobalSection(NestedProjects) = preSolution
		{6CA76104-3381-47F7-A9F2-2CC102277EEC} = {103BC0F6-48AA-4DE3-80E5-998E82F5DF61}
		{1FA517BD-F7FE-41AD-9140-8CECD1EB8C1C} = {103BC0F6-48AA-4DE3-80E5-998E82F5DF61}
		{369C53A3-88EB-4D1F-8BC2-A2700F0E28FA} = {A0CF2C0F-81FE-48B0-B877-DE5659882C89}
		{54ABD67A-6A16-4FFF-B296-D7CA5A3DE13E} = {A0CF2C0F-81FE-48B0-B877-DE5659882C89}
	EndGlobalSection
	GlobalSection(ExtensibilityGlobals) = postSolution
		SolutionGuid = {8F69591C-F23F-46EA-9050-89012B0AF14C}
	EndGlobalSection
EndGlobal
